
Microsoft Visual Studio Solution File, Format Version 12.00
# Visual Studio Version 17
VisualStudioVersion = 17.5.002.0
MinimumVisualStudioVersion = 10.0.40219.1
Project("{2150E333-8FDC-42A3-9474-1A3956D46DE8}") = "csharp-prep", "csharp-prep", "{EB7DE680-24E7-40C9-9215-D4D01C51E751}"
EndProject
Project("{9A19103F-16F7-4668-BE54-9A1E7A4F7556}") = "Prep1", "csharp-prep\Prep1\Prep1.csproj", "{F5B9397F-02CE-4423-99D1-D0529C036FC8}"
EndProject
Project("{9A19103F-16F7-4668-BE54-9A1E7A4F7556}") = "Prep2", "csharp-prep\Prep2\Prep2.csproj", "{724C8328-AB9A-47B7-951B-340FF6D5971B}"
EndProject
Project("{9A19103F-16F7-4668-BE54-9A1E7A4F7556}") = "Prep3", "csharp-prep\Prep3\Prep3.csproj", "{F4879992-F527-4F61-93FA-CCB74E44300F}"
EndProject
Project("{9A19103F-16F7-4668-BE54-9A1E7A4F7556}") = "Prep4", "csharp-prep\Prep4\Prep4.csproj", "{D9618555-CDFD-4182-84A5-BE8375D14B0E}"
EndProject
Project("{9A19103F-16F7-4668-BE54-9A1E7A4F7556}") = "Prep5", "csharp-prep\Prep5\Prep5.csproj", "{D9BD18ED-6B00-469A-96C4-0B118DE9D9BC}"
EndProject
Project("{2150E333-8FDC-42A3-9474-1A3956D46DE8}") = "final", "final", "{FCEBA1CB-4BF3-455A-82C8-3B89987AB24B}"
EndProject
Project("{9A19103F-16F7-4668-BE54-9A1E7A4F7556}") = "FinalProject", "final\FinalProject\FinalProject.csproj", "{BD3AA1A1-1725-4B0B-ABF6-8ED63F6F59EC}"
EndProject
Project("{9A19103F-16F7-4668-BE54-9A1E7A4F7556}") = "Foundation1", "final\Foundation1\Foundation1.csproj", "{C96D6453-44FB-4778-A54D-B4C83F5439E7}"
EndProject
Project("{9A19103F-16F7-4668-BE54-9A1E7A4F7556}") = "Foundation2", "final\Foundation2\Foundation2.csproj", "{A0114D17-D841-4085-AB89-D7D7096A23A3}"
EndProject
Project("{9A19103F-16F7-4668-BE54-9A1E7A4F7556}") = "Foundation3", "final\Foundation3\Foundation3.csproj", "{F208830B-65D2-4DCC-8525-7CFC437B7D88}"
EndProject
Project("{9A19103F-16F7-4668-BE54-9A1E7A4F7556}") = "Foundation4", "final\Foundation4\Foundation4.csproj", "{D3E5AC8A-DBAF-4AFE-AC9D-A3DE991A303D}"
EndProject
Project("{2150E333-8FDC-42A3-9474-1A3956D46DE8}") = "prepare", "prepare", "{2D1115D1-07BF-454A-89A1-5D34DF057B80}"
EndProject
Project("{9A19103F-16F7-4668-BE54-9A1E7A4F7556}") = "Learning02", "prepare\Learning02\Learning02.csproj", "{1F9772AA-8144-44D0-9D77-7FAB19D71C50}"
EndProject
Project("{9A19103F-16F7-4668-BE54-9A1E7A4F7556}") = "Learning03", "prepare\Learning03\Learning03.csproj", "{8D0599C9-5A27-401F-9D73-FD24AD7AE07A}"
EndProject
Project("{9A19103F-16F7-4668-BE54-9A1E7A4F7556}") = "Learning04", "prepare\Learning04\Learning04.csproj", "{0C7F98EB-C924-4D89-9486-2511F3386E11}"
EndProject
Project("{9A19103F-16F7-4668-BE54-9A1E7A4F7556}") = "Learning05", "prepare\Learning05\Learning05.csproj", "{91515145-EB64-47E9-835B-1364D166DAF5}"
EndProject
Project("{2150E333-8FDC-42A3-9474-1A3956D46DE8}") = "prove", "prove", "{3088C0DB-4DDE-4EFC-B535-CC41DEC9EB36}"
EndProject
Project("{9A19103F-16F7-4668-BE54-9A1E7A4F7556}") = "Develop02", "prove\Develop02\Develop02.csproj", "{1E466E24-77F7-4296-82F8-98418A2D579B}"
EndProject
Project("{9A19103F-16F7-4668-BE54-9A1E7A4F7556}") = "Develop03", "prove\Develop03\Develop03.csproj", "{AE80C349-011B-4DFE-9EE6-957E6A06A90D}"
EndProject
Project("{9A19103F-16F7-4668-BE54-9A1E7A4F7556}") = "Develop04", "prove\Develop04\Develop04.csproj", "{33A3B7F8-2E1F-4AA3-B8DA-4E986C475C66}"
EndProject
Project("{9A19103F-16F7-4668-BE54-9A1E7A4F7556}") = "Develop05", "prove\Develop05\Develop05.csproj", "{B703727F-7C4E-41C4-916D-0AB66A993FA1}"
EndProject
Project("{2150E333-8FDC-42A3-9474-1A3956D46DE8}") = "sandbox", "sandbox", "{9E39889D-8E2D-49F0-8681-90167B8ABEFC}"
EndProject
Project("{9A19103F-16F7-4668-BE54-9A1E7A4F7556}") = "Sandbox", "sandbox\Sandbox\Sandbox.csproj", "{8C2A2834-B1D0-4391-BA6E-1CBA9E5445D0}"
EndProject
Global
	GlobalSection(SolutionConfigurationPlatforms) = preSolution
		Debug|Any CPU = Debug|Any CPU
		Release|Any CPU = Release|Any CPU
	EndGlobalSection
	GlobalSection(ProjectConfigurationPlatforms) = postSolution
		{F5B9397F-02CE-4423-99D1-D0529C036FC8}.Debug|Any CPU.ActiveCfg = Debug|Any CPU
		{F5B9397F-02CE-4423-99D1-D0529C036FC8}.Debug|Any CPU.Build.0 = Debug|Any CPU
		{F5B9397F-02CE-4423-99D1-D0529C036FC8}.Release|Any CPU.ActiveCfg = Release|Any CPU
		{F5B9397F-02CE-4423-99D1-D0529C036FC8}.Release|Any CPU.Build.0 = Release|Any CPU
		{724C8328-AB9A-47B7-951B-340FF6D5971B}.Debug|Any CPU.ActiveCfg = Debug|Any CPU
		{724C8328-AB9A-47B7-951B-340FF6D5971B}.Debug|Any CPU.Build.0 = Debug|Any CPU
		{724C8328-AB9A-47B7-951B-340FF6D5971B}.Release|Any CPU.ActiveCfg = Release|Any CPU
		{724C8328-AB9A-47B7-951B-340FF6D5971B}.Release|Any CPU.Build.0 = Release|Any CPU
		{F4879992-F527-4F61-93FA-CCB74E44300F}.Debug|Any CPU.ActiveCfg = Debug|Any CPU
		{F4879992-F527-4F61-93FA-CCB74E44300F}.Debug|Any CPU.Build.0 = Debug|Any CPU
		{F4879992-F527-4F61-93FA-CCB74E44300F}.Release|Any CPU.ActiveCfg = Release|Any CPU
		{F4879992-F527-4F61-93FA-CCB74E44300F}.Release|Any CPU.Build.0 = Release|Any CPU
		{D9618555-CDFD-4182-84A5-BE8375D14B0E}.Debug|Any CPU.ActiveCfg = Debug|Any CPU
		{D9618555-CDFD-4182-84A5-BE8375D14B0E}.Debug|Any CPU.Build.0 = Debug|Any CPU
		{D9618555-CDFD-4182-84A5-BE8375D14B0E}.Release|Any CPU.ActiveCfg = Release|Any CPU
		{D9618555-CDFD-4182-84A5-BE8375D14B0E}.Release|Any CPU.Build.0 = Release|Any CPU
		{D9BD18ED-6B00-469A-96C4-0B118DE9D9BC}.Debug|Any CPU.ActiveCfg = Debug|Any CPU
		{D9BD18ED-6B00-469A-96C4-0B118DE9D9BC}.Debug|Any CPU.Build.0 = Debug|Any CPU
		{D9BD18ED-6B00-469A-96C4-0B118DE9D9BC}.Release|Any CPU.ActiveCfg = Release|Any CPU
		{D9BD18ED-6B00-469A-96C4-0B118DE9D9BC}.Release|Any CPU.Build.0 = Release|Any CPU
		{BD3AA1A1-1725-4B0B-ABF6-8ED63F6F59EC}.Debug|Any CPU.ActiveCfg = Debug|Any CPU
		{BD3AA1A1-1725-4B0B-ABF6-8ED63F6F59EC}.Debug|Any CPU.Build.0 = Debug|Any CPU
		{BD3AA1A1-1725-4B0B-ABF6-8ED63F6F59EC}.Release|Any CPU.ActiveCfg = Release|Any CPU
		{BD3AA1A1-1725-4B0B-ABF6-8ED63F6F59EC}.Release|Any CPU.Build.0 = Release|Any CPU
		{C96D6453-44FB-4778-A54D-B4C83F5439E7}.Debug|Any CPU.ActiveCfg = Debug|Any CPU
		{C96D6453-44FB-4778-A54D-B4C83F5439E7}.Debug|Any CPU.Build.0 = Debug|Any CPU
		{C96D6453-44FB-4778-A54D-B4C83F5439E7}.Release|Any CPU.ActiveCfg = Release|Any CPU
		{C96D6453-44FB-4778-A54D-B4C83F5439E7}.Release|Any CPU.Build.0 = Release|Any CPU
		{A0114D17-D841-4085-AB89-D7D7096A23A3}.Debug|Any CPU.ActiveCfg = Debug|Any CPU
		{A0114D17-D841-4085-AB89-D7D7096A23A3}.Debug|Any CPU.Build.0 = Debug|Any CPU
		{A0114D17-D841-4085-AB89-D7D7096A23A3}.Release|Any CPU.ActiveCfg = Release|Any CPU
		{A0114D17-D841-4085-AB89-D7D7096A23A3}.Release|Any CPU.Build.0 = Release|Any CPU
		{F208830B-65D2-4DCC-8525-7CFC437B7D88}.Debug|Any CPU.ActiveCfg = Debug|Any CPU
		{F208830B-65D2-4DCC-8525-7CFC437B7D88}.Debug|Any CPU.Build.0 = Debug|Any CPU
		{F208830B-65D2-4DCC-8525-7CFC437B7D88}.Release|Any CPU.ActiveCfg = Release|Any CPU
		{F208830B-65D2-4DCC-8525-7CFC437B7D88}.Release|Any CPU.Build.0 = Release|Any CPU
		{D3E5AC8A-DBAF-4AFE-AC9D-A3DE991A303D}.Debug|Any CPU.ActiveCfg = Debug|Any CPU
		{D3E5AC8A-DBAF-4AFE-AC9D-A3DE991A303D}.Debug|Any CPU.Build.0 = Debug|Any CPU
		{D3E5AC8A-DBAF-4AFE-AC9D-A3DE991A303D}.Release|Any CPU.ActiveCfg = Release|Any CPU
		{D3E5AC8A-DBAF-4AFE-AC9D-A3DE991A303D}.Release|Any CPU.Build.0 = Release|Any CPU
		{1F9772AA-8144-44D0-9D77-7FAB19D71C50}.Debug|Any CPU.ActiveCfg = Debug|Any CPU
		{1F9772AA-8144-44D0-9D77-7FAB19D71C50}.Debug|Any CPU.Build.0 = Debug|Any CPU
		{1F9772AA-8144-44D0-9D77-7FAB19D71C50}.Release|Any CPU.ActiveCfg = Release|Any CPU
		{1F9772AA-8144-44D0-9D77-7FAB19D71C50}.Release|Any CPU.Build.0 = Release|Any CPU
		{8D0599C9-5A27-401F-9D73-FD24AD7AE07A}.Debug|Any CPU.ActiveCfg = Debug|Any CPU
		{8D0599C9-5A27-401F-9D73-FD24AD7AE07A}.Debug|Any CPU.Build.0 = Debug|Any CPU
		{8D0599C9-5A27-401F-9D73-FD24AD7AE07A}.Release|Any CPU.ActiveCfg = Release|Any CPU
		{8D0599C9-5A27-401F-9D73-FD24AD7AE07A}.Release|Any CPU.Build.0 = Release|Any CPU
		{0C7F98EB-C924-4D89-9486-2511F3386E11}.Debug|Any CPU.ActiveCfg = Debug|Any CPU
		{0C7F98EB-C924-4D89-9486-2511F3386E11}.Debug|Any CPU.Build.0 = Debug|Any CPU
		{0C7F98EB-C924-4D89-9486-2511F3386E11}.Release|Any CPU.ActiveCfg = Release|Any CPU
		{0C7F98EB-C924-4D89-9486-2511F3386E11}.Release|Any CPU.Build.0 = Release|Any CPU
		{91515145-EB64-47E9-835B-1364D166DAF5}.Debug|Any CPU.ActiveCfg = Debug|Any CPU
		{91515145-EB64-47E9-835B-1364D166DAF5}.Debug|Any CPU.Build.0 = Debug|Any CPU
		{91515145-EB64-47E9-835B-1364D166DAF5}.Release|Any CPU.ActiveCfg = Release|Any CPU
		{91515145-EB64-47E9-835B-1364D166DAF5}.Release|Any CPU.Build.0 = Release|Any CPU
		{1E466E24-77F7-4296-82F8-98418A2D579B}.Debug|Any CPU.ActiveCfg = Debug|Any CPU
		{1E466E24-77F7-4296-82F8-98418A2D579B}.Debug|Any CPU.Build.0 = Debug|Any CPU
		{1E466E24-77F7-4296-82F8-98418A2D579B}.Release|Any CPU.ActiveCfg = Release|Any CPU
		{1E466E24-77F7-4296-82F8-98418A2D579B}.Release|Any CPU.Build.0 = Release|Any CPU
		{AE80C349-011B-4DFE-9EE6-957E6A06A90D}.Debug|Any CPU.ActiveCfg = Debug|Any CPU
		{AE80C349-011B-4DFE-9EE6-957E6A06A90D}.Debug|Any CPU.Build.0 = Debug|Any CPU
		{AE80C349-011B-4DFE-9EE6-957E6A06A90D}.Release|Any CPU.ActiveCfg = Release|Any CPU
		{AE80C349-011B-4DFE-9EE6-957E6A06A90D}.Release|Any CPU.Build.0 = Release|Any CPU
		{33A3B7F8-2E1F-4AA3-B8DA-4E986C475C66}.Debug|Any CPU.ActiveCfg = Debug|Any CPU
		{33A3B7F8-2E1F-4AA3-B8DA-4E986C475C66}.Debug|Any CPU.Build.0 = Debug|Any CPU
		{33A3B7F8-2E1F-4AA3-B8DA-4E986C475C66}.Release|Any CPU.ActiveCfg = Release|Any CPU
		{33A3B7F8-2E1F-4AA3-B8DA-4E986C475C66}.Release|Any CPU.Build.0 = Release|Any CPU
		{B703727F-7C4E-41C4-916D-0AB66A993FA1}.Debug|Any CPU.ActiveCfg = Debug|Any CPU
		{B703727F-7C4E-41C4-916D-0AB66A993FA1}.Debug|Any CPU.Build.0 = Debug|Any CPU
		{B703727F-7C4E-41C4-916D-0AB66A993FA1}.Release|Any CPU.ActiveCfg = Release|Any CPU
		{B703727F-7C4E-41C4-916D-0AB66A993FA1}.Release|Any CPU.Build.0 = Release|Any CPU
		{8C2A2834-B1D0-4391-BA6E-1CBA9E5445D0}.Debug|Any CPU.ActiveCfg = Debug|Any CPU
		{8C2A2834-B1D0-4391-BA6E-1CBA9E5445D0}.Debug|Any CPU.Build.0 = Debug|Any CPU
		{8C2A2834-B1D0-4391-BA6E-1CBA9E5445D0}.Release|Any CPU.ActiveCfg = Release|Any CPU
		{8C2A2834-B1D0-4391-BA6E-1CBA9E5445D0}.Release|Any CPU.Build.0 = Release|Any CPU
	EndGlobalSection
	GlobalSection(SolutionProperties) = preSolution
		HideSolutionNode = FALSE
	EndGlobalSection
	GlobalSection(NestedProjects) = preSolution
		{F5B9397F-02CE-4423-99D1-D0529C036FC8} = {EB7DE680-24E7-40C9-9215-D4D01C51E751}
		{724C8328-AB9A-47B7-951B-340FF6D5971B} = {EB7DE680-24E7-40C9-9215-D4D01C51E751}
		{F4879992-F527-4F61-93FA-CCB74E44300F} = {EB7DE680-24E7-40C9-9215-D4D01C51E751}
		{D9618555-CDFD-4182-84A5-BE8375D14B0E} = {EB7DE680-24E7-40C9-9215-D4D01C51E751}
		{D9BD18ED-6B00-469A-96C4-0B118DE9D9BC} = {EB7DE680-24E7-40C9-9215-D4D01C51E751}
		{BD3AA1A1-1725-4B0B-ABF6-8ED63F6F59EC} = {FCEBA1CB-4BF3-455A-82C8-3B89987AB24B}
		{C96D6453-44FB-4778-A54D-B4C83F5439E7} = {FCEBA1CB-4BF3-455A-82C8-3B89987AB24B}
		{A0114D17-D841-4085-AB89-D7D7096A23A3} = {FCEBA1CB-4BF3-455A-82C8-3B89987AB24B}
		{F208830B-65D2-4DCC-8525-7CFC437B7D88} = {FCEBA1CB-4BF3-455A-82C8-3B89987AB24B}
		{D3E5AC8A-DBAF-4AFE-AC9D-A3DE991A303D} = {FCEBA1CB-4BF3-455A-82C8-3B89987AB24B}
		{1F9772AA-8144-44D0-9D77-7FAB19D71C50} = {2D1115D1-07BF-454A-89A1-5D34DF057B80}
		{8D0599C9-5A27-401F-9D73-FD24AD7AE07A} = {2D1115D1-07BF-454A-89A1-5D34DF057B80}
		{0C7F98EB-C924-4D89-9486-2511F3386E11} = {2D1115D1-07BF-454A-89A1-5D34DF057B80}
		{91515145-EB64-47E9-835B-1364D166DAF5} = {2D1115D1-07BF-454A-89A1-5D34DF057B80}
		{1E466E24-77F7-4296-82F8-98418A2D579B} = {3088C0DB-4DDE-4EFC-B535-CC41DEC9EB36}
		{AE80C349-011B-4DFE-9EE6-957E6A06A90D} = {3088C0DB-4DDE-4EFC-B535-CC41DEC9EB36}
		{33A3B7F8-2E1F-4AA3-B8DA-4E986C475C66} = {3088C0DB-4DDE-4EFC-B535-CC41DEC9EB36}
		{B703727F-7C4E-41C4-916D-0AB66A993FA1} = {3088C0DB-4DDE-4EFC-B535-CC41DEC9EB36}
		{8C2A2834-B1D0-4391-BA6E-1CBA9E5445D0} = {9E39889D-8E2D-49F0-8681-90167B8ABEFC}
	EndGlobalSection
	GlobalSection(ExtensibilityGlobals) = postSolution
		SolutionGuid = {0B128863-E76D-4ED3-AF55-0FF35A8C0446}
	EndGlobalSection
EndGlobal
